
Microsoft Visual Studio Solution File, Format Version 12.00
# Visual Studio Version 16
VisualStudioVersion = 16.0.29418.71
MinimumVisualStudioVersion = 10.0.40219.1
Project("{FAE04EC0-301F-11D3-BF4B-00C04F79EFBC}") = "assisment", "assisment\assisment.csproj", "{3DA2E046-5F12-440A-9B7B-62B6C1D55C13}"
EndProject
Global
	GlobalSection(SolutionConfigurationPlatforms) = preSolution
		Debug|Any CPU = Debug|Any CPU
		Release|Any CPU = Release|Any CPU
	EndGlobalSection
	GlobalSection(ProjectConfigurationPlatforms) = postSolution
		{3DA2E046-5F12-440A-9B7B-62B6C1D55C13}.Debug|Any CPU.ActiveCfg = Debug|Any CPU
		{3DA2E046-5F12-440A-9B7B-62B6C1D55C13}.Debug|Any CPU.Build.0 = Debug|Any CPU
		{3DA2E046-5F12-440A-9B7B-62B6C1D55C13}.Release|Any CPU.ActiveCfg = Release|Any CPU
		{3DA2E046-5F12-440A-9B7B-62B6C1D55C13}.Release|Any CPU.Build.0 = Release|Any CPU
	EndGlobalSection
	GlobalSection(SolutionProperties) = preSolution
		HideSolutionNode = FALSE
	EndGlobalSection
	GlobalSection(ExtensibilityGlobals) = postSolution
		SolutionGuid = {2078569B-4CFC-4D0E-8855-CAD04A3BD385}
	EndGlobalSection
EndGlobal
